// !$*UTF8*$!
{
	archiveVersion = 1;
	classes = {
	};
	objectVersion = 46;
	objects = {

/* Begin PBXBuildFile section */
		C742A9381C09106900DA4334 /* AppDelegate.swift in Sources */ = {isa = PBXBuildFile; fileRef = C742A9371C09106900DA4334 /* AppDelegate.swift */; };
		C742A93A1C09106900DA4334 /* MasterViewController.swift in Sources */ = {isa = PBXBuildFile; fileRef = C742A9391C09106900DA4334 /* MasterViewController.swift */; };
		C742A93C1C09106900DA4334 /* DetailViewController.swift in Sources */ = {isa = PBXBuildFile; fileRef = C742A93B1C09106900DA4334 /* DetailViewController.swift */; };
		C742A93F1C09106900DA4334 /* Main.storyboard in Resources */ = {isa = PBXBuildFile; fileRef = C742A93D1C09106900DA4334 /* Main.storyboard */; };
		C742A9411C09106900DA4334 /* Assets.xcassets in Resources */ = {isa = PBXBuildFile; fileRef = C742A9401C09106900DA4334 /* Assets.xcassets */; };
		C742A9441C09106900DA4334 /* LaunchScreen.storyboard in Resources */ = {isa = PBXBuildFile; fileRef = C742A9421C09106900DA4334 /* LaunchScreen.storyboard */; };
/* End PBXBuildFile section */

/* Begin PBXFileReference section */
		C742A9341C09106900DA4334 /* Project 4 - Map Scriptures.app */ = {isa = PBXFileReference; explicitFileType = wrapper.application; includeInIndex = 0; path = "Project 4 - Map Scriptures.app"; sourceTree = BUILT_PRODUCTS_DIR; };
		C742A9371C09106900DA4334 /* AppDelegate.swift */ = {isa = PBXFileReference; lastKnownFileType = sourcecode.swift; path = AppDelegate.swift; sourceTree = "<group>"; };
		C742A9391C09106900DA4334 /* MasterViewController.swift */ = {isa = PBXFileReference; lastKnownFileType = sourcecode.swift; path = MasterViewController.swift; sourceTree = "<group>"; };
		C742A93B1C09106900DA4334 /* DetailViewController.swift */ = {isa = PBXFileReference; lastKnownFileType = sourcecode.swift; path = DetailViewController.swift; sourceTree = "<group>"; };
		C742A93E1C09106900DA4334 /* Base */ = {isa = PBXFileReference; lastKnownFileType = file.storyboard; name = Base; path = Base.lproj/Main.storyboard; sourceTree = "<group>"; };
		C742A9401C09106900DA4334 /* Assets.xcassets */ = {isa = PBXFileReference; lastKnownFileType = folder.assetcatalog; path = Assets.xcassets; sourceTree = "<group>"; };
		C742A9431C09106900DA4334 /* Base */ = {isa = PBXFileReference; lastKnownFileType = file.storyboard; name = Base; path = Base.lproj/LaunchScreen.storyboard; sourceTree = "<group>"; };
		C742A9451C09106900DA4334 /* Info.plist */ = {isa = PBXFileReference; lastKnownFileType = text.plist.xml; path = Info.plist; sourceTree = "<group>"; };
/* End PBXFileReference section */

/* Begin PBXFrameworksBuildPhase section */
		C742A9311C09106900DA4334 /* Frameworks */ = {
			isa = PBXFrameworksBuildPhase;
			buildActionMask = 2147483647;
			files = (
			);
			runOnlyForDeploymentPostprocessing = 0;
		};
/* End PBXFrameworksBuildPhase section */

/* Begin PBXGroup section */
		C742A92B1C09106900DA4334 = {
			isa = PBXGroup;
			children = (
				C742A9361C09106900DA4334 /* Project 4 - Map Scriptures */,
				C742A9351C09106900DA4334 /* Products */,
			);
			sourceTree = "<group>";
		};
		C742A9351C09106900DA4334 /* Products */ = {
			isa = PBXGroup;
			children = (
				C742A9341C09106900DA4334 /* Project 4 - Map Scriptures.app */,
			);
			name = Products;
			sourceTree = "<group>";
		};
		C742A9361C09106900DA4334 /* Project 4 - Map Scriptures */ = {
			isa = PBXGroup;
			children = (
				C742A9371C09106900DA4334 /* AppDelegate.swift */,
				C742A9391C09106900DA4334 /* MasterViewController.swift */,
				C742A93B1C09106900DA4334 /* DetailViewController.swift */,
				C742A93D1C09106900DA4334 /* Main.storyboard */,
				C742A9401C09106900DA4334 /* Assets.xcassets */,
				C742A9421C09106900DA4334 /* LaunchScreen.storyboard */,
				C742A9451C09106900DA4334 /* Info.plist */,
			);
			path = "Project 4 - Map Scriptures";
			sourceTree = "<group>";
		};
/* End PBXGroup section */

/* Begin PBXNativeTarget section */
		C742A9331C09106900DA4334 /* Project 4 - Map Scriptures */ = {
			isa = PBXNativeTarget;
			buildConfigurationList = C742A9481C09106900DA4334 /* Build configuration list for PBXNativeTarget "Project 4 - Map Scriptures" */;
			buildPhases = (
				C742A9301C09106900DA4334 /* Sources */,
				C742A9311C09106900DA4334 /* Frameworks */,
				C742A9321C09106900DA4334 /* Resources */,
			);
			buildRules = (
			);
			dependencies = (
			);
			name = "Project 4 - Map Scriptures";
			productName = "Project 4 - Map Scriptures";
			productReference = C742A9341C09106900DA4334 /* Project 4 - Map Scriptures.app */;
			productType = "com.apple.product-type.application";
		};
/* End PBXNativeTarget section */

/* Begin PBXProject section */
		C742A92C1C09106900DA4334 /* Project object */ = {
			isa = PBXProject;
			attributes = {
				LastSwiftUpdateCheck = 0710;
				LastUpgradeCheck = 0710;
				ORGANIZATIONNAME = "Michael Perry";
				TargetAttributes = {
					C742A9331C09106900DA4334 = {
						CreatedOnToolsVersion = 7.1.1;
					};
				};
			};
			buildConfigurationList = C742A92F1C09106900DA4334 /* Build configuration list for PBXProject "Project 4 - Map Scriptures" */;
			compatibilityVersion = "Xcode 3.2";
			developmentRegion = English;
			hasScannedForEncodings = 0;
			knownRegions = (
				en,
				Base,
			);
			mainGroup = C742A92B1C09106900DA4334;
			productRefGroup = C742A9351C09106900DA4334 /* Products */;
			projectDirPath = "";
			projectRoot = "";
			targets = (
				C742A9331C09106900DA4334 /* Project 4 - Map Scriptures */,
			);
		};
/* End PBXProject section */

/* Begin PBXResourcesBuildPhase section */
		C742A9321C09106900DA4334 /* Resources */ = {
			isa = PBXResourcesBuildPhase;
			buildActionMask = 2147483647;
			files = (
				C742A9441C09106900DA4334 /* LaunchScreen.storyboard in Resources */,
				C742A9411C09106900DA4334 /* Assets.xcassets in Resources */,
				C742A93F1C09106900DA4334 /* Main.storyboard in Resources */,
			);
			runOnlyForDeploymentPostprocessing = 0;
		};
/* End PBXResourcesBuildPhase section */

/* Begin PBXSourcesBuildPhase section */
		C742A9301C09106900DA4334 /* Sources */ = {
			isa = PBXSourcesBuildPhase;
			buildActionMask = 2147483647;
			files = (
				C742A93C1C09106900DA4334 /* DetailViewController.swift in Sources */,
				C742A93A1C09106900DA4334 /* MasterViewController.swift in Sources */,
				C742A9381C09106900DA4334 /* AppDelegate.swift in Sources */,
			);
			runOnlyForDeploymentPostprocessing = 0;
		};
/* End PBXSourcesBuildPhase section */

/* Begin PBXVariantGroup section */
		C742A93D1C09106900DA4334 /* Main.storyboard */ = {
			isa = PBXVariantGroup;
			children = (
				C742A93E1C09106900DA4334 /* Base */,
			);
			name = Main.storyboard;
			sourceTree = "<group>";
		};
		C742A9421C09106900DA4334 /* LaunchScreen.storyboard */ = {
			isa = PBXVariantGroup;
			children = (
				C742A9431C09106900DA4334 /* Base */,
			);
			name = LaunchScreen.storyboard;
			sourceTree = "<group>";
		};
/* End PBXVariantGroup section */

/* Begin XCBuildConfiguration section */
		C742A9461C09106900DA4334 /* Debug */ = {
			isa = XCBuildConfiguration;
			buildSettings = {
				ALWAYS_SEARCH_USER_PATHS = NO;
				CLANG_CXX_LANGUAGE_STANDARD = "gnu++0x";
				CLANG_CXX_LIBRARY = "libc++";
				CLANG_ENABLE_MODULES = YES;
				CLANG_ENABLE_OBJC_ARC = YES;
				CLANG_WARN_BOOL_CONVERSION = YES;
				CLANG_WARN_CONSTANT_CONVERSION = YES;
				CLANG_WARN_DIRECT_OBJC_ISA_USAGE = YES_ERROR;
				CLANG_WARN_EMPTY_BODY = YES;
				CLANG_WARN_ENUM_CONVERSION = YES;
				CLANG_WARN_INT_CONVERSION = YES;
				CLANG_WARN_OBJC_ROOT_CLASS = YES_ERROR;
				CLANG_WARN_UNREACHABLE_CODE = YES;
				CLANG_WARN__DUPLICATE_METHOD_MATCH = YES;
				"CODE_SIGN_IDENTITY[sdk=iphoneos*]" = "iPhone Developer";
				COPY_PHASE_STRIP = NO;
				DEBUG_INFORMATION_FORMAT = dwarf;
				ENABLE_STRICT_OBJC_MSGSEND = YES;
				ENABLE_TESTABILITY = YES;
				GCC_C_LANGUAGE_STANDARD = gnu99;
				GCC_DYNAMIC_NO_PIC = NO;
				GCC_NO_COMMON_BLOCKS = YES;
				GCC_OPTIMIZATION_LEVEL = 0;
				GCC_PREPROCESSOR_DEFINITIONS = (
					"DEBUG=1",
					"$(inherited)",
				);
				GCC_WARN_64_TO_32_BIT_CONVERSION = YES;
				GCC_WARN_ABOUT_RETURN_TYPE = YES_ERROR;
				GCC_WARN_UNDECLARED_SELECTOR = YES;
				GCC_WARN_UNINITIALIZED_AUTOS = YES_AGGRESSIVE;
				GCC_WARN_UNUSED_FUNCTION = YES;
				GCC_WARN_UNUSED_VARIABLE = YES;
				IPHONEOS_DEPLOYMENT_TARGET = 9.1;
				MTL_ENABLE_DEBUG_INFO = YES;
				ONLY_ACTIVE_ARCH = YES;
				SDKROOT = iphoneos;
				SWIFT_OPTIMIZATION_LEVEL = "-Onone";
				TARGETED_DEVICE_FAMILY = "1,2";
			};
			name = Debug;
		};
		C742A9471C09106900DA4334 /* Release */ = {
			isa = XCBuildConfiguration;
			buildSettings = {
				ALWAYS_SEARCH_USER_PATHS = NO;
				CLANG_CXX_LANGUAGE_STANDARD = "gnu++0x";
				CLANG_CXX_LIBRARY = "libc++";
				CLANG_ENABLE_MODULES = YES;
				CLANG_ENABLE_OBJC_ARC = YES;
				CLANG_WARN_BOOL_CONVERSION = YES;
				CLANG_WARN_CONSTANT_CONVERSION = YES;
				CLANG_WARN_DIRECT_OBJC_ISA_USAGE = YES_ERROR;
				CLANG_WARN_EMPTY_BODY = YES;
				CLANG_WARN_ENUM_CONVERSION = YES;
				CLANG_WARN_INT_CONVERSION = YES;
				CLANG_WARN_OBJC_ROOT_CLASS = YES_ERROR;
				CLANG_WARN_UNREACHABLE_CODE = YES;
				CLANG_WARN__DUPLICATE_METHOD_MATCH = YES;
				"CODE_SIGN_IDENTITY[sdk=iphoneos*]" = "iPhone Developer";
				COPY_PHASE_STRIP = NO;
				DEBUG_INFORMATION_FORMAT = "dwarf-with-dsym";
				ENABLE_NS_ASSERTIONS = NO;
				ENABLE_STRICT_OBJC_MSGSEND = YES;
				GCC_C_LANGUAGE_STANDARD = gnu99;
				GCC_NO_COMMON_BLOCKS = YES;
				GCC_WARN_64_TO_32_BIT_CONVERSION = YES;
				GCC_WARN_ABOUT_RETURN_TYPE = YES_ERROR;
				GCC_WARN_UNDECLARED_SELECTOR = YES;
				GCC_WARN_UNINITIALIZED_AUTOS = YES_AGGRESSIVE;
				GCC_WARN_UNUSED_FUNCTION = YES;
				GCC_WARN_UNUSED_VARIABLE = YES;
				IPHONEOS_DEPLOYMENT_TARGET = 9.1;
				MTL_ENABLE_DEBUG_INFO = NO;
				SDKROOT = iphoneos;
				TARGETED_DEVICE_FAMILY = "1,2";
				VALIDATE_PRODUCT = YES;
			};
			name = Release;
		};
		C742A9491C09106900DA4334 /* Debug */ = {
			isa = XCBuildConfiguration;
			buildSettings = {
				ASSETCATALOG_COMPILER_APPICON_NAME = AppIcon;
				INFOPLIST_FILE = "Project 4 - Map Scriptures/Info.plist";
				LD_RUNPATH_SEARCH_PATHS = "$(inherited) @executable_path/Frameworks";
				PRODUCT_BUNDLE_IDENTIFIER = "smoosh911.Project-4---Map-Scriptures";
				PRODUCT_NAME = "$(TARGET_NAME)";
			};
			name = Debug;
		};
		C742A94A1C09106900DA4334 /* Release */ = {
			isa = XCBuildConfiguration;
			buildSettings = {
				ASSETCATALOG_COMPILER_APPICON_NAME = AppIcon;
				INFOPLIST_FILE = "Project 4 - Map Scriptures/Info.plist";
				LD_RUNPATH_SEARCH_PATHS = "$(inherited) @executable_path/Frameworks";
				PRODUCT_BUNDLE_IDENTIFIER = "smoosh911.Project-4---Map-Scriptures";
				PRODUCT_NAME = "$(TARGET_NAME)";
			};
			name = Release;
		};
/* End XCBuildConfiguration section */

/* Begin XCConfigurationList section */
		C742A92F1C09106900DA4334 /* Build configuration list for PBXProject "Project 4 - Map Scriptures" */ = {
			isa = XCConfigurationList;
			buildConfigurations = (
				C742A9461C09106900DA4334 /* Debug */,
				C742A9471C09106900DA4334 /* Release */,
			);
			defaultConfigurationIsVisible = 0;
			defaultConfigurationName = Release;
		};
		C742A9481C09106900DA4334 /* Build configuration list for PBXNativeTarget "Project 4 - Map Scriptures" */ = {
			isa = XCConfigurationList;
			buildConfigurations = (
				C742A9491C09106900DA4334 /* Debug */,
				C742A94A1C09106900DA4334 /* Release */,
			);
			defaultConfigurationIsVisible = 0;
		};
/* End XCConfigurationList section */
	};
	rootObject = C742A92C1C09106900DA4334 /* Project object */;
}
